
Microsoft Visual Studio Solution File, Format Version 12.00
# Visual Studio Version 16
VisualStudioVersion = 16.0.31205.134
MinimumVisualStudioVersion = 10.0.40219.1
Project("{FAE04EC0-301F-11D3-BF4B-00C04F79EFBC}") = "TesteEf", "TesteEf\TesteEf.csproj", "{220F16AB-2FC5-40EF-87B6-BBEA783F5F98}"
EndProject
Global
	GlobalSection(SolutionConfigurationPlatforms) = preSolution
		Debug|Any CPU = Debug|Any CPU
		Release|Any CPU = Release|Any CPU
	EndGlobalSection
	GlobalSection(ProjectConfigurationPlatforms) = postSolution
		{220F16AB-2FC5-40EF-87B6-BBEA783F5F98}.Debug|Any CPU.ActiveCfg = Debug|Any CPU
		{220F16AB-2FC5-40EF-87B6-BBEA783F5F98}.Debug|Any CPU.Build.0 = Debug|Any CPU
		{220F16AB-2FC5-40EF-87B6-BBEA783F5F98}.Release|Any CPU.ActiveCfg = Release|Any CPU
		{220F16AB-2FC5-40EF-87B6-BBEA783F5F98}.Release|Any CPU.Build.0 = Release|Any CPU
	EndGlobalSection
	GlobalSection(SolutionProperties) = preSolution
		HideSolutionNode = FALSE
	EndGlobalSection
	GlobalSection(ExtensibilityGlobals) = postSolution
		SolutionGuid = {743B9160-3D30-4288-BDB6-D23755A32A1D}
	EndGlobalSection
EndGlobal
